
Microsoft Visual Studio Solution File, Format Version 12.00
Project("{FAE04EC0-301F-11D3-BF4B-00C04F79EFBC}") = "Ultraschall.Podcasting", "Ultraschall.Podcasting\Ultraschall.Podcasting.csproj", "{32DFF83D-CF73-4E08-B5AC-04C0749C524C}"
EndProject
Project("{FAE04EC0-301F-11D3-BF4B-00C04F79EFBC}") = "Ultraschall.Podcasting.Cli", "Ultraschall.Podcasting.Cli\Ultraschall.Podcasting.Cli.csproj", "{8BB358D3-1259-4AD8-BFD5-B234984A8291}"
EndProject
Global
	GlobalSection(SolutionConfigurationPlatforms) = preSolution
		Debug|Any CPU = Debug|Any CPU
		Release|Any CPU = Release|Any CPU
	EndGlobalSection
	GlobalSection(ProjectConfigurationPlatforms) = postSolution
		{32DFF83D-CF73-4E08-B5AC-04C0749C524C}.Debug|Any CPU.ActiveCfg = Debug|Any CPU
		{32DFF83D-CF73-4E08-B5AC-04C0749C524C}.Debug|Any CPU.Build.0 = Debug|Any CPU
		{32DFF83D-CF73-4E08-B5AC-04C0749C524C}.Release|Any CPU.ActiveCfg = Release|Any CPU
		{32DFF83D-CF73-4E08-B5AC-04C0749C524C}.Release|Any CPU.Build.0 = Release|Any CPU
		{8BB358D3-1259-4AD8-BFD5-B234984A8291}.Debug|Any CPU.ActiveCfg = Debug|Any CPU
		{8BB358D3-1259-4AD8-BFD5-B234984A8291}.Debug|Any CPU.Build.0 = Debug|Any CPU
		{8BB358D3-1259-4AD8-BFD5-B234984A8291}.Release|Any CPU.ActiveCfg = Release|Any CPU
		{8BB358D3-1259-4AD8-BFD5-B234984A8291}.Release|Any CPU.Build.0 = Release|Any CPU
	EndGlobalSection
EndGlobal
